
Microsoft Visual Studio Solution File, Format Version 12.00
# Visual Studio Version 16
VisualStudioVersion = 16.0.30406.217
MinimumVisualStudioVersion = 10.0.40219.1
Project("{FAE04EC0-301F-11D3-BF4B-00C04F79EFBC}") = "MyComponents", "MyComponents\MyComponents.csproj", "{9A482163-02A2-4450-86A1-82DDB851F9B9}"
EndProject
Global
	GlobalSection(SolutionConfigurationPlatforms) = preSolution
		Debug|Any CPU = Debug|Any CPU
		Release|Any CPU = Release|Any CPU
	EndGlobalSection
	GlobalSection(ProjectConfigurationPlatforms) = postSolution
		{9A482163-02A2-4450-86A1-82DDB851F9B9}.Debug|Any CPU.ActiveCfg = Debug|Any CPU
		{9A482163-02A2-4450-86A1-82DDB851F9B9}.Debug|Any CPU.Build.0 = Debug|Any CPU
		{9A482163-02A2-4450-86A1-82DDB851F9B9}.Release|Any CPU.ActiveCfg = Release|Any CPU
		{9A482163-02A2-4450-86A1-82DDB851F9B9}.Release|Any CPU.Build.0 = Release|Any CPU
	EndGlobalSection
	GlobalSection(SolutionProperties) = preSolution
		HideSolutionNode = FALSE
	EndGlobalSection
	GlobalSection(ExtensibilityGlobals) = postSolution
		SolutionGuid = {592E3A46-9233-45CD-80EB-5B7874113FBA}
	EndGlobalSection
EndGlobal
